
Microsoft Visual Studio Solution File, Format Version 12.00
# Visual Studio Version 16
VisualStudioVersion = 16.0.31515.178
MinimumVisualStudioVersion = 10.0.40219.1
Project("{FAE04EC0-301F-11D3-BF4B-00C04F79EFBC}") = "ExercicioFixacaoAula78_List", "ExercicioFixacaoAula78_List.csproj", "{51A211B3-DFC4-474A-BF9D-32B478F223E4}"
EndProject
Global
	GlobalSection(SolutionConfigurationPlatforms) = preSolution
		Debug|Any CPU = Debug|Any CPU
		Release|Any CPU = Release|Any CPU
	EndGlobalSection
	GlobalSection(ProjectConfigurationPlatforms) = postSolution
		{51A211B3-DFC4-474A-BF9D-32B478F223E4}.Debug|Any CPU.ActiveCfg = Debug|Any CPU
		{51A211B3-DFC4-474A-BF9D-32B478F223E4}.Debug|Any CPU.Build.0 = Debug|Any CPU
		{51A211B3-DFC4-474A-BF9D-32B478F223E4}.Release|Any CPU.ActiveCfg = Release|Any CPU
		{51A211B3-DFC4-474A-BF9D-32B478F223E4}.Release|Any CPU.Build.0 = Release|Any CPU
	EndGlobalSection
	GlobalSection(SolutionProperties) = preSolution
		HideSolutionNode = FALSE
	EndGlobalSection
	GlobalSection(ExtensibilityGlobals) = postSolution
		SolutionGuid = {DB228EFF-6BFB-486A-BCB8-DB89676A327D}
	EndGlobalSection
EndGlobal
